
Microsoft Visual Studio Solution File, Format Version 12.00
# Visual Studio 15
VisualStudioVersion = 15.0.27428.2037
MinimumVisualStudioVersion = 10.0.40219.1
Project("{8BC9CEB8-8B4A-11D0-8D11-00A0C91BC942}") = "reversi", "reversi\reversi.vcxproj", "{0CE1C733-15A8-48D1-9194-82D81D56DDCA}"
EndProject
Project("{FAE04EC0-301F-11D3-BF4B-00C04F79EFBC}") = "reversi_core", "reversi_core\reversi_core.csproj", "{A99B606F-D5CC-4A36-82CC-746D17757275}"
EndProject
Global
	GlobalSection(SolutionConfigurationPlatforms) = preSolution
		Debug|Any CPU = Debug|Any CPU
		Debug|x64 = Debug|x64
		Debug|x86 = Debug|x86
		Release|Any CPU = Release|Any CPU
		Release|x64 = Release|x64
		Release|x86 = Release|x86
	EndGlobalSection
	GlobalSection(ProjectConfigurationPlatforms) = postSolution
		{0CE1C733-15A8-48D1-9194-82D81D56DDCA}.Debug|Any CPU.ActiveCfg = Debug|Win32
		{0CE1C733-15A8-48D1-9194-82D81D56DDCA}.Debug|x64.ActiveCfg = Debug|x64
		{0CE1C733-15A8-48D1-9194-82D81D56DDCA}.Debug|x64.Build.0 = Debug|x64
		{0CE1C733-15A8-48D1-9194-82D81D56DDCA}.Debug|x86.ActiveCfg = Debug|Win32
		{0CE1C733-15A8-48D1-9194-82D81D56DDCA}.Debug|x86.Build.0 = Debug|Win32
		{0CE1C733-15A8-48D1-9194-82D81D56DDCA}.Release|Any CPU.ActiveCfg = Release|Win32
		{0CE1C733-15A8-48D1-9194-82D81D56DDCA}.Release|x64.ActiveCfg = Release|x64
		{0CE1C733-15A8-48D1-9194-82D81D56DDCA}.Release|x64.Build.0 = Release|x64
		{0CE1C733-15A8-48D1-9194-82D81D56DDCA}.Release|x86.ActiveCfg = Release|Win32
		{0CE1C733-15A8-48D1-9194-82D81D56DDCA}.Release|x86.Build.0 = Release|Win32
		{A99B606F-D5CC-4A36-82CC-746D17757275}.Debug|Any CPU.ActiveCfg = Debug|Any CPU
		{A99B606F-D5CC-4A36-82CC-746D17757275}.Debug|Any CPU.Build.0 = Debug|Any CPU
		{A99B606F-D5CC-4A36-82CC-746D17757275}.Debug|x64.ActiveCfg = Debug|Any CPU
		{A99B606F-D5CC-4A36-82CC-746D17757275}.Debug|x64.Build.0 = Debug|Any CPU
		{A99B606F-D5CC-4A36-82CC-746D17757275}.Debug|x86.ActiveCfg = Debug|Any CPU
		{A99B606F-D5CC-4A36-82CC-746D17757275}.Debug|x86.Build.0 = Debug|Any CPU
		{A99B606F-D5CC-4A36-82CC-746D17757275}.Release|Any CPU.ActiveCfg = Release|Any CPU
		{A99B606F-D5CC-4A36-82CC-746D17757275}.Release|Any CPU.Build.0 = Release|Any CPU
		{A99B606F-D5CC-4A36-82CC-746D17757275}.Release|x64.ActiveCfg = Release|Any CPU
		{A99B606F-D5CC-4A36-82CC-746D17757275}.Release|x64.Build.0 = Release|Any CPU
		{A99B606F-D5CC-4A36-82CC-746D17757275}.Release|x86.ActiveCfg = Release|Any CPU
		{A99B606F-D5CC-4A36-82CC-746D17757275}.Release|x86.Build.0 = Release|Any CPU
	EndGlobalSection
	GlobalSection(SolutionProperties) = preSolution
		HideSolutionNode = FALSE
	EndGlobalSection
	GlobalSection(ExtensibilityGlobals) = postSolution
		SolutionGuid = {A78A52D7-E8F5-4F98-B68C-163628C27F5E}
	EndGlobalSection
EndGlobal
